// !$*UTF8*$!
{
	archiveVersion = 1;
	classes = {
	};
	objectVersion = 50;
	objects = {

/* Begin PBXBuildFile section */
		339D0D76256DDE2A005564C1 /* AppDelegate.swift in Sources */ = {isa = PBXBuildFile; fileRef = 339D0D75256DDE2A005564C1 /* AppDelegate.swift */; };
		339D0D78256DDE2A005564C1 /* SceneDelegate.swift in Sources */ = {isa = PBXBuildFile; fileRef = 339D0D77256DDE2A005564C1 /* SceneDelegate.swift */; };
		339D0D7A256DDE2A005564C1 /* ViewController.swift in Sources */ = {isa = PBXBuildFile; fileRef = 339D0D79256DDE2A005564C1 /* ViewController.swift */; };
		339D0D7D256DDE2A005564C1 /* Main.storyboard in Resources */ = {isa = PBXBuildFile; fileRef = 339D0D7B256DDE2A005564C1 /* Main.storyboard */; };
		339D0D80256DDE2A005564C1 /* Eng_Req_Project.xcdatamodeld in Sources */ = {isa = PBXBuildFile; fileRef = 339D0D7E256DDE2A005564C1 /* Eng_Req_Project.xcdatamodeld */; };
		339D0D82256DDE2E005564C1 /* Assets.xcassets in Resources */ = {isa = PBXBuildFile; fileRef = 339D0D81256DDE2E005564C1 /* Assets.xcassets */; };
		339D0D85256DDE2E005564C1 /* LaunchScreen.storyboard in Resources */ = {isa = PBXBuildFile; fileRef = 339D0D83256DDE2E005564C1 /* LaunchScreen.storyboard */; };
		339D0D90256DDE2E005564C1 /* Eng_Req_ProjectTests.swift in Sources */ = {isa = PBXBuildFile; fileRef = 339D0D8F256DDE2E005564C1 /* Eng_Req_ProjectTests.swift */; };
		339D0D9B256DDE2E005564C1 /* Eng_Req_ProjectUITests.swift in Sources */ = {isa = PBXBuildFile; fileRef = 339D0D9A256DDE2E005564C1 /* Eng_Req_ProjectUITests.swift */; };
/* End PBXBuildFile section */

/* Begin PBXContainerItemProxy section */
		339D0D8C256DDE2E005564C1 /* PBXContainerItemProxy */ = {
			isa = PBXContainerItemProxy;
			containerPortal = 339D0D6A256DDE2A005564C1 /* Project object */;
			proxyType = 1;
			remoteGlobalIDString = 339D0D71256DDE2A005564C1;
			remoteInfo = "Eng-Req-Project";
		};
		339D0D97256DDE2E005564C1 /* PBXContainerItemProxy */ = {
			isa = PBXContainerItemProxy;
			containerPortal = 339D0D6A256DDE2A005564C1 /* Project object */;
			proxyType = 1;
			remoteGlobalIDString = 339D0D71256DDE2A005564C1;
			remoteInfo = "Eng-Req-Project";
		};
/* End PBXContainerItemProxy section */

/* Begin PBXFileReference section */
		339D0D72256DDE2A005564C1 /* Eng-Req-Project.app */ = {isa = PBXFileReference; explicitFileType = wrapper.application; includeInIndex = 0; path = "Eng-Req-Project.app"; sourceTree = BUILT_PRODUCTS_DIR; };
		339D0D75256DDE2A005564C1 /* AppDelegate.swift */ = {isa = PBXFileReference; lastKnownFileType = sourcecode.swift; path = AppDelegate.swift; sourceTree = "<group>"; };
		339D0D77256DDE2A005564C1 /* SceneDelegate.swift */ = {isa = PBXFileReference; lastKnownFileType = sourcecode.swift; path = SceneDelegate.swift; sourceTree = "<group>"; };
		339D0D79256DDE2A005564C1 /* ViewController.swift */ = {isa = PBXFileReference; lastKnownFileType = sourcecode.swift; path = ViewController.swift; sourceTree = "<group>"; };
		339D0D7C256DDE2A005564C1 /* Base */ = {isa = PBXFileReference; lastKnownFileType = file.storyboard; name = Base; path = Base.lproj/Main.storyboard; sourceTree = "<group>"; };
		339D0D7F256DDE2A005564C1 /* Eng_Req_Project.xcdatamodel */ = {isa = PBXFileReference; lastKnownFileType = wrapper.xcdatamodel; path = Eng_Req_Project.xcdatamodel; sourceTree = "<group>"; };
		339D0D81256DDE2E005564C1 /* Assets.xcassets */ = {isa = PBXFileReference; lastKnownFileType = folder.assetcatalog; path = Assets.xcassets; sourceTree = "<group>"; };
		339D0D84256DDE2E005564C1 /* Base */ = {isa = PBXFileReference; lastKnownFileType = file.storyboard; name = Base; path = Base.lproj/LaunchScreen.storyboard; sourceTree = "<group>"; };
		339D0D86256DDE2E005564C1 /* Info.plist */ = {isa = PBXFileReference; lastKnownFileType = text.plist.xml; path = Info.plist; sourceTree = "<group>"; };
		339D0D8B256DDE2E005564C1 /* Eng-Req-ProjectTests.xctest */ = {isa = PBXFileReference; explicitFileType = wrapper.cfbundle; includeInIndex = 0; path = "Eng-Req-ProjectTests.xctest"; sourceTree = BUILT_PRODUCTS_DIR; };
		339D0D8F256DDE2E005564C1 /* Eng_Req_ProjectTests.swift */ = {isa = PBXFileReference; lastKnownFileType = sourcecode.swift; path = Eng_Req_ProjectTests.swift; sourceTree = "<group>"; };
		339D0D91256DDE2E005564C1 /* Info.plist */ = {isa = PBXFileReference; lastKnownFileType = text.plist.xml; path = Info.plist; sourceTree = "<group>"; };
		339D0D96256DDE2E005564C1 /* Eng-Req-ProjectUITests.xctest */ = {isa = PBXFileReference; explicitFileType = wrapper.cfbundle; includeInIndex = 0; path = "Eng-Req-ProjectUITests.xctest"; sourceTree = BUILT_PRODUCTS_DIR; };
		339D0D9A256DDE2E005564C1 /* Eng_Req_ProjectUITests.swift */ = {isa = PBXFileReference; lastKnownFileType = sourcecode.swift; path = Eng_Req_ProjectUITests.swift; sourceTree = "<group>"; };
		339D0D9C256DDE2E005564C1 /* Info.plist */ = {isa = PBXFileReference; lastKnownFileType = text.plist.xml; path = Info.plist; sourceTree = "<group>"; };
/* End PBXFileReference section */

/* Begin PBXFrameworksBuildPhase section */
		339D0D6F256DDE2A005564C1 /* Frameworks */ = {
			isa = PBXFrameworksBuildPhase;
			buildActionMask = 2147483647;
			files = (
			);
			runOnlyForDeploymentPostprocessing = 0;
		};
		339D0D88256DDE2E005564C1 /* Frameworks */ = {
			isa = PBXFrameworksBuildPhase;
			buildActionMask = 2147483647;
			files = (
			);
			runOnlyForDeploymentPostprocessing = 0;
		};
		339D0D93256DDE2E005564C1 /* Frameworks */ = {
			isa = PBXFrameworksBuildPhase;
			buildActionMask = 2147483647;
			files = (
			);
			runOnlyForDeploymentPostprocessing = 0;
		};
/* End PBXFrameworksBuildPhase section */

/* Begin PBXGroup section */
		339D0D69256DDE2A005564C1 = {
			isa = PBXGroup;
			children = (
				339D0D74256DDE2A005564C1 /* Eng-Req-Project */,
				339D0D8E256DDE2E005564C1 /* Eng-Req-ProjectTests */,
				339D0D99256DDE2E005564C1 /* Eng-Req-ProjectUITests */,
				339D0D73256DDE2A005564C1 /* Products */,
			);
			sourceTree = "<group>";
		};
		339D0D73256DDE2A005564C1 /* Products */ = {
			isa = PBXGroup;
			children = (
				339D0D72256DDE2A005564C1 /* Eng-Req-Project.app */,
				339D0D8B256DDE2E005564C1 /* Eng-Req-ProjectTests.xctest */,
				339D0D96256DDE2E005564C1 /* Eng-Req-ProjectUITests.xctest */,
			);
			name = Products;
			sourceTree = "<group>";
		};
		339D0D74256DDE2A005564C1 /* Eng-Req-Project */ = {
			isa = PBXGroup;
			children = (
				339D0D75256DDE2A005564C1 /* AppDelegate.swift */,
				339D0D77256DDE2A005564C1 /* SceneDelegate.swift */,
				339D0D79256DDE2A005564C1 /* ViewController.swift */,
				339D0D7B256DDE2A005564C1 /* Main.storyboard */,
				339D0D81256DDE2E005564C1 /* Assets.xcassets */,
				339D0D83256DDE2E005564C1 /* LaunchScreen.storyboard */,
				339D0D86256DDE2E005564C1 /* Info.plist */,
				339D0D7E256DDE2A005564C1 /* Eng_Req_Project.xcdatamodeld */,
			);
			path = "Eng-Req-Project";
			sourceTree = "<group>";
		};
		339D0D8E256DDE2E005564C1 /* Eng-Req-ProjectTests */ = {
			isa = PBXGroup;
			children = (
				339D0D8F256DDE2E005564C1 /* Eng_Req_ProjectTests.swift */,
				339D0D91256DDE2E005564C1 /* Info.plist */,
			);
			path = "Eng-Req-ProjectTests";
			sourceTree = "<group>";
		};
		339D0D99256DDE2E005564C1 /* Eng-Req-ProjectUITests */ = {
			isa = PBXGroup;
			children = (
				339D0D9A256DDE2E005564C1 /* Eng_Req_ProjectUITests.swift */,
				339D0D9C256DDE2E005564C1 /* Info.plist */,
			);
			path = "Eng-Req-ProjectUITests";
			sourceTree = "<group>";
		};
/* End PBXGroup section */

/* Begin PBXNativeTarget section */
		339D0D71256DDE2A005564C1 /* Eng-Req-Project */ = {
			isa = PBXNativeTarget;
			buildConfigurationList = 339D0D9F256DDE2E005564C1 /* Build configuration list for PBXNativeTarget "Eng-Req-Project" */;
			buildPhases = (
				339D0D6E256DDE2A005564C1 /* Sources */,
				339D0D6F256DDE2A005564C1 /* Frameworks */,
				339D0D70256DDE2A005564C1 /* Resources */,
			);
			buildRules = (
			);
			dependencies = (
			);
			name = "Eng-Req-Project";
			productName = "Eng-Req-Project";
			productReference = 339D0D72256DDE2A005564C1 /* Eng-Req-Project.app */;
			productType = "com.apple.product-type.application";
		};
		339D0D8A256DDE2E005564C1 /* Eng-Req-ProjectTests */ = {
			isa = PBXNativeTarget;
			buildConfigurationList = 339D0DA2256DDE2E005564C1 /* Build configuration list for PBXNativeTarget "Eng-Req-ProjectTests" */;
			buildPhases = (
				339D0D87256DDE2E005564C1 /* Sources */,
				339D0D88256DDE2E005564C1 /* Frameworks */,
				339D0D89256DDE2E005564C1 /* Resources */,
			);
			buildRules = (
			);
			dependencies = (
				339D0D8D256DDE2E005564C1 /* PBXTargetDependency */,
			);
			name = "Eng-Req-ProjectTests";
			productName = "Eng-Req-ProjectTests";
			productReference = 339D0D8B256DDE2E005564C1 /* Eng-Req-ProjectTests.xctest */;
			productType = "com.apple.product-type.bundle.unit-test";
		};
		339D0D95256DDE2E005564C1 /* Eng-Req-ProjectUITests */ = {
			isa = PBXNativeTarget;
			buildConfigurationList = 339D0DA5256DDE2E005564C1 /* Build configuration list for PBXNativeTarget "Eng-Req-ProjectUITests" */;
			buildPhases = (
				339D0D92256DDE2E005564C1 /* Sources */,
				339D0D93256DDE2E005564C1 /* Frameworks */,
				339D0D94256DDE2E005564C1 /* Resources */,
			);
			buildRules = (
			);
			dependencies = (
				339D0D98256DDE2E005564C1 /* PBXTargetDependency */,
			);
			name = "Eng-Req-ProjectUITests";
			productName = "Eng-Req-ProjectUITests";
			productReference = 339D0D96256DDE2E005564C1 /* Eng-Req-ProjectUITests.xctest */;
			productType = "com.apple.product-type.bundle.ui-testing";
		};
/* End PBXNativeTarget section */

/* Begin PBXProject section */
		339D0D6A256DDE2A005564C1 /* Project object */ = {
			isa = PBXProject;
			attributes = {
				LastSwiftUpdateCheck = 1220;
				LastUpgradeCheck = 1220;
				TargetAttributes = {
					339D0D71256DDE2A005564C1 = {
						CreatedOnToolsVersion = 12.2;
					};
					339D0D8A256DDE2E005564C1 = {
						CreatedOnToolsVersion = 12.2;
						TestTargetID = 339D0D71256DDE2A005564C1;
					};
					339D0D95256DDE2E005564C1 = {
						CreatedOnToolsVersion = 12.2;
						TestTargetID = 339D0D71256DDE2A005564C1;
					};
				};
			};
			buildConfigurationList = 339D0D6D256DDE2A005564C1 /* Build configuration list for PBXProject "Eng-Req-Project" */;
			compatibilityVersion = "Xcode 9.3";
			developmentRegion = en;
			hasScannedForEncodings = 0;
			knownRegions = (
				en,
				Base,
			);
			mainGroup = 339D0D69256DDE2A005564C1;
			productRefGroup = 339D0D73256DDE2A005564C1 /* Products */;
			projectDirPath = "";
			projectRoot = "";
			targets = (
				339D0D71256DDE2A005564C1 /* Eng-Req-Project */,
				339D0D8A256DDE2E005564C1 /* Eng-Req-ProjectTests */,
				339D0D95256DDE2E005564C1 /* Eng-Req-ProjectUITests */,
			);
		};
/* End PBXProject section */

/* Begin PBXResourcesBuildPhase section */
		339D0D70256DDE2A005564C1 /* Resources */ = {
			isa = PBXResourcesBuildPhase;
			buildActionMask = 2147483647;
			files = (
				339D0D85256DDE2E005564C1 /* LaunchScreen.storyboard in Resources */,
				339D0D82256DDE2E005564C1 /* Assets.xcassets in Resources */,
				339D0D7D256DDE2A005564C1 /* Main.storyboard in Resources */,
			);
			runOnlyForDeploymentPostprocessing = 0;
		};
		339D0D89256DDE2E005564C1 /* Resources */ = {
			isa = PBXResourcesBuildPhase;
			buildActionMask = 2147483647;
			files = (
			);
			runOnlyForDeploymentPostprocessing = 0;
		};
		339D0D94256DDE2E005564C1 /* Resources */ = {
			isa = PBXResourcesBuildPhase;
			buildActionMask = 2147483647;
			files = (
			);
			runOnlyForDeploymentPostprocessing = 0;
		};
/* End PBXResourcesBuildPhase section */

/* Begin PBXSourcesBuildPhase section */
		339D0D6E256DDE2A005564C1 /* Sources */ = {
			isa = PBXSourcesBuildPhase;
			buildActionMask = 2147483647;
			files = (
				339D0D7A256DDE2A005564C1 /* ViewController.swift in Sources */,
				339D0D76256DDE2A005564C1 /* AppDelegate.swift in Sources */,
				339D0D78256DDE2A005564C1 /* SceneDelegate.swift in Sources */,
				339D0D80256DDE2A005564C1 /* Eng_Req_Project.xcdatamodeld in Sources */,
			);
			runOnlyForDeploymentPostprocessing = 0;
		};
		339D0D87256DDE2E005564C1 /* Sources */ = {
			isa = PBXSourcesBuildPhase;
			buildActionMask = 2147483647;
			files = (
				339D0D90256DDE2E005564C1 /* Eng_Req_ProjectTests.swift in Sources */,
			);
			runOnlyForDeploymentPostprocessing = 0;
		};
		339D0D92256DDE2E005564C1 /* Sources */ = {
			isa = PBXSourcesBuildPhase;
			buildActionMask = 2147483647;
			files = (
				339D0D9B256DDE2E005564C1 /* Eng_Req_ProjectUITests.swift in Sources */,
			);
			runOnlyForDeploymentPostprocessing = 0;
		};
/* End PBXSourcesBuildPhase section */

/* Begin PBXTargetDependency section */
		339D0D8D256DDE2E005564C1 /* PBXTargetDependency */ = {
			isa = PBXTargetDependency;
			target = 339D0D71256DDE2A005564C1 /* Eng-Req-Project */;
			targetProxy = 339D0D8C256DDE2E005564C1 /* PBXContainerItemProxy */;
		};
		339D0D98256DDE2E005564C1 /* PBXTargetDependency */ = {
			isa = PBXTargetDependency;
			target = 339D0D71256DDE2A005564C1 /* Eng-Req-Project */;
			targetProxy = 339D0D97256DDE2E005564C1 /* PBXContainerItemProxy */;
		};
/* End PBXTargetDependency section */

/* Begin PBXVariantGroup section */
		339D0D7B256DDE2A005564C1 /* Main.storyboard */ = {
			isa = PBXVariantGroup;
			children = (
				339D0D7C256DDE2A005564C1 /* Base */,
			);
			name = Main.storyboard;
			sourceTree = "<group>";
		};
		339D0D83256DDE2E005564C1 /* LaunchScreen.storyboard */ = {
			isa = PBXVariantGroup;
			children = (
				339D0D84256DDE2E005564C1 /* Base */,
			);
			name = LaunchScreen.storyboard;
			sourceTree = "<group>";
		};
/* End PBXVariantGroup section */

/* Begin XCBuildConfiguration section */
		339D0D9D256DDE2E005564C1 /* Debug */ = {
			isa = XCBuildConfiguration;
			buildSettings = {
				ALWAYS_SEARCH_USER_PATHS = NO;
				CLANG_ANALYZER_NONNULL = YES;
				CLANG_ANALYZER_NUMBER_OBJECT_CONVERSION = YES_AGGRESSIVE;
				CLANG_CXX_LANGUAGE_STANDARD = "gnu++14";
				CLANG_CXX_LIBRARY = "libc++";
				CLANG_ENABLE_MODULES = YES;
				CLANG_ENABLE_OBJC_ARC = YES;
				CLANG_ENABLE_OBJC_WEAK = YES;
				CLANG_WARN_BLOCK_CAPTURE_AUTORELEASING = YES;
				CLANG_WARN_BOOL_CONVERSION = YES;
				CLANG_WARN_COMMA = YES;
				CLANG_WARN_CONSTANT_CONVERSION = YES;
				CLANG_WARN_DEPRECATED_OBJC_IMPLEMENTATIONS = YES;
				CLANG_WARN_DIRECT_OBJC_ISA_USAGE = YES_ERROR;
				CLANG_WARN_DOCUMENTATION_COMMENTS = YES;
				CLANG_WARN_EMPTY_BODY = YES;
				CLANG_WARN_ENUM_CONVERSION = YES;
				CLANG_WARN_INFINITE_RECURSION = YES;
				CLANG_WARN_INT_CONVERSION = YES;
				CLANG_WARN_NON_LITERAL_NULL_CONVERSION = YES;
				CLANG_WARN_OBJC_IMPLICIT_RETAIN_SELF = YES;
				CLANG_WARN_OBJC_LITERAL_CONVERSION = YES;
				CLANG_WARN_OBJC_ROOT_CLASS = YES_ERROR;
				CLANG_WARN_QUOTED_INCLUDE_IN_FRAMEWORK_HEADER = YES;
				CLANG_WARN_RANGE_LOOP_ANALYSIS = YES;
				CLANG_WARN_STRICT_PROTOTYPES = YES;
				CLANG_WARN_SUSPICIOUS_MOVE = YES;
				CLANG_WARN_UNGUARDED_AVAILABILITY = YES_AGGRESSIVE;
				CLANG_WARN_UNREACHABLE_CODE = YES;
				CLANG_WARN__DUPLICATE_METHOD_MATCH = YES;
				COPY_PHASE_STRIP = NO;
				DEBUG_INFORMATION_FORMAT = dwarf;
				ENABLE_STRICT_OBJC_MSGSEND = YES;
				ENABLE_TESTABILITY = YES;
				GCC_C_LANGUAGE_STANDARD = gnu11;
				GCC_DYNAMIC_NO_PIC = NO;
				GCC_NO_COMMON_BLOCKS = YES;
				GCC_OPTIMIZATION_LEVEL = 0;
				GCC_PREPROCESSOR_DEFINITIONS = (
					"DEBUG=1",
					"$(inherited)",
				);
				GCC_WARN_64_TO_32_BIT_CONVERSION = YES;
				GCC_WARN_ABOUT_RETURN_TYPE = YES_ERROR;
				GCC_WARN_UNDECLARED_SELECTOR = YES;
				GCC_WARN_UNINITIALIZED_AUTOS = YES_AGGRESSIVE;
				GCC_WARN_UNUSED_FUNCTION = YES;
				GCC_WARN_UNUSED_VARIABLE = YES;
				IPHONEOS_DEPLOYMENT_TARGET = 14.2;
				MTL_ENABLE_DEBUG_INFO = INCLUDE_SOURCE;
				MTL_FAST_MATH = YES;
				ONLY_ACTIVE_ARCH = YES;
				SDKROOT = iphoneos;
				SWIFT_ACTIVE_COMPILATION_CONDITIONS = DEBUG;
				SWIFT_OPTIMIZATION_LEVEL = "-Onone";
			};
			name = Debug;
		};
		339D0D9E256DDE2E005564C1 /* Release */ = {
			isa = XCBuildConfiguration;
			buildSettings = {
				ALWAYS_SEARCH_USER_PATHS = NO;
				CLANG_ANALYZER_NONNULL = YES;
				CLANG_ANALYZER_NUMBER_OBJECT_CONVERSION = YES_AGGRESSIVE;
				CLANG_CXX_LANGUAGE_STANDARD = "gnu++14";
				CLANG_CXX_LIBRARY = "libc++";
				CLANG_ENABLE_MODULES = YES;
				CLANG_ENABLE_OBJC_ARC = YES;
				CLANG_ENABLE_OBJC_WEAK = YES;
				CLANG_WARN_BLOCK_CAPTURE_AUTORELEASING = YES;
				CLANG_WARN_BOOL_CONVERSION = YES;
				CLANG_WARN_COMMA = YES;
				CLANG_WARN_CONSTANT_CONVERSION = YES;
				CLANG_WARN_DEPRECATED_OBJC_IMPLEMENTATIONS = YES;
				CLANG_WARN_DIRECT_OBJC_ISA_USAGE = YES_ERROR;
				CLANG_WARN_DOCUMENTATION_COMMENTS = YES;
				CLANG_WARN_EMPTY_BODY = YES;
				CLANG_WARN_ENUM_CONVERSION = YES;
				CLANG_WARN_INFINITE_RECURSION = YES;
				CLANG_WARN_INT_CONVERSION = YES;
				CLANG_WARN_NON_LITERAL_NULL_CONVERSION = YES;
				CLANG_WARN_OBJC_IMPLICIT_RETAIN_SELF = YES;
				CLANG_WARN_OBJC_LITERAL_CONVERSION = YES;
				CLANG_WARN_OBJC_ROOT_CLASS = YES_ERROR;
				CLANG_WARN_QUOTED_INCLUDE_IN_FRAMEWORK_HEADER = YES;
				CLANG_WARN_RANGE_LOOP_ANALYSIS = YES;
				CLANG_WARN_STRICT_PROTOTYPES = YES;
				CLANG_WARN_SUSPICIOUS_MOVE = YES;
				CLANG_WARN_UNGUARDED_AVAILABILITY = YES_AGGRESSIVE;
				CLANG_WARN_UNREACHABLE_CODE = YES;
				CLANG_WARN__DUPLICATE_METHOD_MATCH = YES;
				COPY_PHASE_STRIP = NO;
				DEBUG_INFORMATION_FORMAT = "dwarf-with-dsym";
				ENABLE_NS_ASSERTIONS = NO;
				ENABLE_STRICT_OBJC_MSGSEND = YES;
				GCC_C_LANGUAGE_STANDARD = gnu11;
				GCC_NO_COMMON_BLOCKS = YES;
				GCC_WARN_64_TO_32_BIT_CONVERSION = YES;
				GCC_WARN_ABOUT_RETURN_TYPE = YES_ERROR;
				GCC_WARN_UNDECLARED_SELECTOR = YES;
				GCC_WARN_UNINITIALIZED_AUTOS = YES_AGGRESSIVE;
				GCC_WARN_UNUSED_FUNCTION = YES;
				GCC_WARN_UNUSED_VARIABLE = YES;
				IPHONEOS_DEPLOYMENT_TARGET = 14.2;
				MTL_ENABLE_DEBUG_INFO = NO;
				MTL_FAST_MATH = YES;
				SDKROOT = iphoneos;
				SWIFT_COMPILATION_MODE = wholemodule;
				SWIFT_OPTIMIZATION_LEVEL = "-O";
				VALIDATE_PRODUCT = YES;
			};
			name = Release;
		};
		339D0DA0256DDE2E005564C1 /* Debug */ = {
			isa = XCBuildConfiguration;
			buildSettings = {
				ASSETCATALOG_COMPILER_APPICON_NAME = AppIcon;
				ASSETCATALOG_COMPILER_GLOBAL_ACCENT_COLOR_NAME = AccentColor;
				CODE_SIGN_STYLE = Automatic;
				INFOPLIST_FILE = "Eng-Req-Project/Info.plist";
				LD_RUNPATH_SEARCH_PATHS = (
					"$(inherited)",
					"@executable_path/Frameworks",
				);
				PRODUCT_BUNDLE_IDENTIFIER = "BF-Producoes.Eng-Req-Project";
				PRODUCT_NAME = "$(TARGET_NAME)";
				SWIFT_VERSION = 5.0;
				TARGETED_DEVICE_FAMILY = "1,2";
			};
			name = Debug;
		};
		339D0DA1256DDE2E005564C1 /* Release */ = {
			isa = XCBuildConfiguration;
			buildSettings = {
				ASSETCATALOG_COMPILER_APPICON_NAME = AppIcon;
				ASSETCATALOG_COMPILER_GLOBAL_ACCENT_COLOR_NAME = AccentColor;
				CODE_SIGN_STYLE = Automatic;
				INFOPLIST_FILE = "Eng-Req-Project/Info.plist";
				LD_RUNPATH_SEARCH_PATHS = (
					"$(inherited)",
					"@executable_path/Frameworks",
				);
				PRODUCT_BUNDLE_IDENTIFIER = "BF-Producoes.Eng-Req-Project";
				PRODUCT_NAME = "$(TARGET_NAME)";
				SWIFT_VERSION = 5.0;
				TARGETED_DEVICE_FAMILY = "1,2";
			};
			name = Release;
		};
		339D0DA3256DDE2E005564C1 /* Debug */ = {
			isa = XCBuildConfiguration;
			buildSettings = {
				ALWAYS_EMBED_SWIFT_STANDARD_LIBRARIES = YES;
				BUNDLE_LOADER = "$(TEST_HOST)";
				CODE_SIGN_STYLE = Automatic;
				INFOPLIST_FILE = "Eng-Req-ProjectTests/Info.plist";
				IPHONEOS_DEPLOYMENT_TARGET = 14.2;
				LD_RUNPATH_SEARCH_PATHS = (
					"$(inherited)",
					"@executable_path/Frameworks",
					"@loader_path/Frameworks",
				);
				PRODUCT_BUNDLE_IDENTIFIER = "BF-Producoes.Eng-Req-ProjectTests";
				PRODUCT_NAME = "$(TARGET_NAME)";
				SWIFT_VERSION = 5.0;
				TARGETED_DEVICE_FAMILY = "1,2";
				TEST_HOST = "$(BUILT_PRODUCTS_DIR)/Eng-Req-Project.app/Eng-Req-Project";
			};
			name = Debug;
		};
		339D0DA4256DDE2E005564C1 /* Release */ = {
			isa = XCBuildConfiguration;
			buildSettings = {
				ALWAYS_EMBED_SWIFT_STANDARD_LIBRARIES = YES;
				BUNDLE_LOADER = "$(TEST_HOST)";
				CODE_SIGN_STYLE = Automatic;
				INFOPLIST_FILE = "Eng-Req-ProjectTests/Info.plist";
				IPHONEOS_DEPLOYMENT_TARGET = 14.2;
				LD_RUNPATH_SEARCH_PATHS = (
					"$(inherited)",
					"@executable_path/Frameworks",
					"@loader_path/Frameworks",
				);
				PRODUCT_BUNDLE_IDENTIFIER = "BF-Producoes.Eng-Req-ProjectTests";
				PRODUCT_NAME = "$(TARGET_NAME)";
				SWIFT_VERSION = 5.0;
				TARGETED_DEVICE_FAMILY = "1,2";
				TEST_HOST = "$(BUILT_PRODUCTS_DIR)/Eng-Req-Project.app/Eng-Req-Project";
			};
			name = Release;
		};
		339D0DA6256DDE2E005564C1 /* Debug */ = {
			isa = XCBuildConfiguration;
			buildSettings = {
				ALWAYS_EMBED_SWIFT_STANDARD_LIBRARIES = YES;
				CODE_SIGN_STYLE = Automatic;
				INFOPLIST_FILE = "Eng-Req-ProjectUITests/Info.plist";
				LD_RUNPATH_SEARCH_PATHS = (
					"$(inherited)",
					"@executable_path/Frameworks",
					"@loader_path/Frameworks",
				);
				PRODUCT_BUNDLE_IDENTIFIER = "BF-Producoes.Eng-Req-ProjectUITests";
				PRODUCT_NAME = "$(TARGET_NAME)";
				SWIFT_VERSION = 5.0;
				TARGETED_DEVICE_FAMILY = "1,2";
				TEST_TARGET_NAME = "Eng-Req-Project";
			};
			name = Debug;
		};
		339D0DA7256DDE2E005564C1 /* Release */ = {
			isa = XCBuildConfiguration;
			buildSettings = {
				ALWAYS_EMBED_SWIFT_STANDARD_LIBRARIES = YES;
				CODE_SIGN_STYLE = Automatic;
				INFOPLIST_FILE = "Eng-Req-ProjectUITests/Info.plist";
				LD_RUNPATH_SEARCH_PATHS = (
					"$(inherited)",
					"@executable_path/Frameworks",
					"@loader_path/Frameworks",
				);
				PRODUCT_BUNDLE_IDENTIFIER = "BF-Producoes.Eng-Req-ProjectUITests";
				PRODUCT_NAME = "$(TARGET_NAME)";
				SWIFT_VERSION = 5.0;
				TARGETED_DEVICE_FAMILY = "1,2";
				TEST_TARGET_NAME = "Eng-Req-Project";
			};
			name = Release;
		};
/* End XCBuildConfiguration section */

/* Begin XCConfigurationList section */
		339D0D6D256DDE2A005564C1 /* Build configuration list for PBXProject "Eng-Req-Project" */ = {
			isa = XCConfigurationList;
			buildConfigurations = (
				339D0D9D256DDE2E005564C1 /* Debug */,
				339D0D9E256DDE2E005564C1 /* Release */,
			);
			defaultConfigurationIsVisible = 0;
			defaultConfigurationName = Release;
		};
		339D0D9F256DDE2E005564C1 /* Build configuration list for PBXNativeTarget "Eng-Req-Project" */ = {
			isa = XCConfigurationList;
			buildConfigurations = (
				339D0DA0256DDE2E005564C1 /* Debug */,
				339D0DA1256DDE2E005564C1 /* Release */,
			);
			defaultConfigurationIsVisible = 0;
			defaultConfigurationName = Release;
		};
		339D0DA2256DDE2E005564C1 /* Build configuration list for PBXNativeTarget "Eng-Req-ProjectTests" */ = {
			isa = XCConfigurationList;
			buildConfigurations = (
				339D0DA3256DDE2E005564C1 /* Debug */,
				339D0DA4256DDE2E005564C1 /* Release */,
			);
			defaultConfigurationIsVisible = 0;
			defaultConfigurationName = Release;
		};
		339D0DA5256DDE2E005564C1 /* Build configuration list for PBXNativeTarget "Eng-Req-ProjectUITests" */ = {
			isa = XCConfigurationList;
			buildConfigurations = (
				339D0DA6256DDE2E005564C1 /* Debug */,
				339D0DA7256DDE2E005564C1 /* Release */,
			);
			defaultConfigurationIsVisible = 0;
			defaultConfigurationName = Release;
		};
/* End XCConfigurationList section */

/* Begin XCVersionGroup section */
		339D0D7E256DDE2A005564C1 /* Eng_Req_Project.xcdatamodeld */ = {
			isa = XCVersionGroup;
			children = (
				339D0D7F256DDE2A005564C1 /* Eng_Req_Project.xcdatamodel */,
			);
			currentVersion = 339D0D7F256DDE2A005564C1 /* Eng_Req_Project.xcdatamodel */;
			path = Eng_Req_Project.xcdatamodeld;
			sourceTree = "<group>";
			versionGroupType = wrapper.xcdatamodel;
		};
/* End XCVersionGroup section */
	};
	rootObject = 339D0D6A256DDE2A005564C1 /* Project object */;
}
